{
    "_meta": {
        "hash": {
            "sha256": "8ab0fd8131cfb36b60986f44231153583db677ae87bb75603e72c3c3889c0781"
        },
        "pipfile-spec": 6,
        "requires": {
            "python_version": "3.14"
        },
        "sources": [
            {
                "name": "pypi",
                "url": "https://pypi.org/simple",
                "verify_ssl": true
            }
        ]
    },
    "default": {
        "gunicorn": {
            "hashes": [
                "sha256:62b864895d9ebff0b2f9867ba04fe811c93121596540830c9c916d0769668447",
                "sha256:bd249d0b3f7972f7432f0a6b6ff3b3ee2d129f70cd1ff6c09a9dd9e29a2b88e3"
            ],
            "index": "pypi",
            "markers": "python_version >= '3.10'",
            "version": "==26.2.0"
        }
    },
    "develop": {}
}
